// !$*UTF8*$!
{
	archiveVersion = 1;
	classes = {
	};
	objectVersion = 48;
	objects = {

/* Begin PBXBuildFile section */
		7594D4381F434ECE00E4AE27 /* RenderShader.swift in Sources */ = {isa = PBXBuildFile; fileRef = 7594D4371F434ECE00E4AE27 /* RenderShader.swift */; };
		7594D43A1F4361F300E4AE27 /* Slab.swift in Sources */ = {isa = PBXBuildFile; fileRef = 7594D4391F4361F300E4AE27 /* Slab.swift */; };
		75F3F06C1F311D4A00A3EC4A /* AppDelegate.swift in Sources */ = {isa = PBXBuildFile; fileRef = 75F3F06B1F311D4A00A3EC4A /* AppDelegate.swift */; };
		75F3F06E1F311D4A00A3EC4A /* ViewController.swift in Sources */ = {isa = PBXBuildFile; fileRef = 75F3F06D1F311D4A00A3EC4A /* ViewController.swift */; };
		75F3F0711F311D4A00A3EC4A /* Main.storyboard in Resources */ = {isa = PBXBuildFile; fileRef = 75F3F06F1F311D4A00A3EC4A /* Main.storyboard */; };
		75F3F0731F311D4A00A3EC4A /* Assets.xcassets in Resources */ = {isa = PBXBuildFile; fileRef = 75F3F0721F311D4A00A3EC4A /* Assets.xcassets */; };
		75F3F0761F311D4A00A3EC4A /* LaunchScreen.storyboard in Resources */ = {isa = PBXBuildFile; fileRef = 75F3F0741F311D4A00A3EC4A /* LaunchScreen.storyboard */; };
		75F3F0801F311E9F00A3EC4A /* MetalDevice.swift in Sources */ = {isa = PBXBuildFile; fileRef = 75F3F07F1F311E9F00A3EC4A /* MetalDevice.swift */; };
		75F3F0821F31AE8D00A3EC4A /* Shaders.metal in Sources */ = {isa = PBXBuildFile; fileRef = 75F3F0811F31AE8D00A3EC4A /* Shaders.metal */; };
		75F3F0841F31AF2E00A3EC4A /* ComputeShader.swift in Sources */ = {isa = PBXBuildFile; fileRef = 75F3F0831F31AF2E00A3EC4A /* ComputeShader.swift */; };
/* End PBXBuildFile section */

/* Begin PBXFileReference section */
		7594D4371F434ECE00E4AE27 /* RenderShader.swift */ = {isa = PBXFileReference; lastKnownFileType = sourcecode.swift; path = RenderShader.swift; sourceTree = "<group>"; };
		7594D4391F4361F300E4AE27 /* Slab.swift */ = {isa = PBXFileReference; lastKnownFileType = sourcecode.swift; path = Slab.swift; sourceTree = "<group>"; };
		75F3F0681F311D4A00A3EC4A /* FluidDynamicsMetal.app */ = {isa = PBXFileReference; explicitFileType = wrapper.application; includeInIndex = 0; path = FluidDynamicsMetal.app; sourceTree = BUILT_PRODUCTS_DIR; };
		75F3F06B1F311D4A00A3EC4A /* AppDelegate.swift */ = {isa = PBXFileReference; lastKnownFileType = sourcecode.swift; path = AppDelegate.swift; sourceTree = "<group>"; };
		75F3F06D1F311D4A00A3EC4A /* ViewController.swift */ = {isa = PBXFileReference; lastKnownFileType = sourcecode.swift; path = ViewController.swift; sourceTree = "<group>"; };
		75F3F0701F311D4A00A3EC4A /* Base */ = {isa = PBXFileReference; lastKnownFileType = file.storyboard; name = Base; path = Base.lproj/Main.storyboard; sourceTree = "<group>"; };
		75F3F0721F311D4A00A3EC4A /* Assets.xcassets */ = {isa = PBXFileReference; lastKnownFileType = folder.assetcatalog; path = Assets.xcassets; sourceTree = "<group>"; };
		75F3F0751F311D4A00A3EC4A /* Base */ = {isa = PBXFileReference; lastKnownFileType = file.storyboard; name = Base; path = Base.lproj/LaunchScreen.storyboard; sourceTree = "<group>"; };
		75F3F0771F311D4A00A3EC4A /* Info.plist */ = {isa = PBXFileReference; lastKnownFileType = text.plist.xml; path = Info.plist; sourceTree = "<group>"; };
		75F3F07E1F311D7800A3EC4A /* MetalKit.framework */ = {isa = PBXFileReference; lastKnownFileType = wrapper.framework; name = MetalKit.framework; path = System/Library/Frameworks/MetalKit.framework; sourceTree = SDKROOT; };
		75F3F07F1F311E9F00A3EC4A /* MetalDevice.swift */ = {isa = PBXFileReference; fileEncoding = 4; lastKnownFileType = sourcecode.swift; name = MetalDevice.swift; path = "../../../My Libraries/MetalImage/Shared/MetalDevice.swift"; sourceTree = "<group>"; };
		75F3F0811F31AE8D00A3EC4A /* Shaders.metal */ = {isa = PBXFileReference; lastKnownFileType = sourcecode.metal; path = Shaders.metal; sourceTree = "<group>"; };
		75F3F0831F31AF2E00A3EC4A /* ComputeShader.swift */ = {isa = PBXFileReference; fileEncoding = 4; lastKnownFileType = sourcecode.swift; name = ComputeShader.swift; path = "../../../My Libraries/MetalImage/MetalImage/ComputeShader.swift"; sourceTree = "<group>"; };
/* End PBXFileReference section */

/* Begin PBXFrameworksBuildPhase section */
		75F3F0651F311D4A00A3EC4A /* Frameworks */ = {
			isa = PBXFrameworksBuildPhase;
			buildActionMask = 2147483647;
			files = (
			);
			runOnlyForDeploymentPostprocessing = 0;
		};
/* End PBXFrameworksBuildPhase section */

/* Begin PBXGroup section */
		75F3F05F1F311D4A00A3EC4A = {
			isa = PBXGroup;
			children = (
				75F3F06A1F311D4A00A3EC4A /* FluidDynamicsMetal */,
				75F3F0691F311D4A00A3EC4A /* Products */,
				75F3F07D1F311D7800A3EC4A /* Frameworks */,
			);
			sourceTree = "<group>";
		};
		75F3F0691F311D4A00A3EC4A /* Products */ = {
			isa = PBXGroup;
			children = (
				75F3F0681F311D4A00A3EC4A /* FluidDynamicsMetal.app */,
			);
			name = Products;
			sourceTree = "<group>";
		};
		75F3F06A1F311D4A00A3EC4A /* FluidDynamicsMetal */ = {
			isa = PBXGroup;
			children = (
				75F3F06B1F311D4A00A3EC4A /* AppDelegate.swift */,
				7594D4391F4361F300E4AE27 /* Slab.swift */,
				75F3F06D1F311D4A00A3EC4A /* ViewController.swift */,
				75F3F07F1F311E9F00A3EC4A /* MetalDevice.swift */,
				75F3F0831F31AF2E00A3EC4A /* ComputeShader.swift */,
				7594D4371F434ECE00E4AE27 /* RenderShader.swift */,
				75F3F0811F31AE8D00A3EC4A /* Shaders.metal */,
				75F3F06F1F311D4A00A3EC4A /* Main.storyboard */,
				75F3F0721F311D4A00A3EC4A /* Assets.xcassets */,
				75F3F0741F311D4A00A3EC4A /* LaunchScreen.storyboard */,
				75F3F0771F311D4A00A3EC4A /* Info.plist */,
			);
			path = FluidDynamicsMetal;
			sourceTree = "<group>";
		};
		75F3F07D1F311D7800A3EC4A /* Frameworks */ = {
			isa = PBXGroup;
			children = (
				75F3F07E1F311D7800A3EC4A /* MetalKit.framework */,
			);
			name = Frameworks;
			sourceTree = "<group>";
		};
/* End PBXGroup section */

/* Begin PBXNativeTarget section */
		75F3F0671F311D4A00A3EC4A /* FluidDynamicsMetal */ = {
			isa = PBXNativeTarget;
			buildConfigurationList = 75F3F07A1F311D4B00A3EC4A /* Build configuration list for PBXNativeTarget "FluidDynamicsMetal" */;
			buildPhases = (
				75F3F0641F311D4A00A3EC4A /* Sources */,
				75F3F0651F311D4A00A3EC4A /* Frameworks */,
				75F3F0661F311D4A00A3EC4A /* Resources */,
			);
			buildRules = (
			);
			dependencies = (
			);
			name = FluidDynamicsMetal;
			productName = FluidDynamicsMetal;
			productReference = 75F3F0681F311D4A00A3EC4A /* FluidDynamicsMetal.app */;
			productType = "com.apple.product-type.application";
		};
/* End PBXNativeTarget section */

/* Begin PBXProject section */
		75F3F0601F311D4A00A3EC4A /* Project object */ = {
			isa = PBXProject;
			attributes = {
				LastSwiftUpdateCheck = 0900;
				LastUpgradeCheck = 0900;
				ORGANIZATIONNAME = "Andrei-Sergiu Pițiș";
				TargetAttributes = {
					75F3F0671F311D4A00A3EC4A = {
						CreatedOnToolsVersion = 9.0;
					};
				};
			};
			buildConfigurationList = 75F3F0631F311D4A00A3EC4A /* Build configuration list for PBXProject "FluidDynamicsMetal" */;
			compatibilityVersion = "Xcode 8.0";
			developmentRegion = en;
			hasScannedForEncodings = 0;
			knownRegions = (
				en,
				Base,
			);
			mainGroup = 75F3F05F1F311D4A00A3EC4A;
			productRefGroup = 75F3F0691F311D4A00A3EC4A /* Products */;
			projectDirPath = "";
			projectRoot = "";
			targets = (
				75F3F0671F311D4A00A3EC4A /* FluidDynamicsMetal */,
			);
		};
/* End PBXProject section */

/* Begin PBXResourcesBuildPhase section */
		75F3F0661F311D4A00A3EC4A /* Resources */ = {
			isa = PBXResourcesBuildPhase;
			buildActionMask = 2147483647;
			files = (
				75F3F0761F311D4A00A3EC4A /* LaunchScreen.storyboard in Resources */,
				75F3F0731F311D4A00A3EC4A /* Assets.xcassets in Resources */,
				75F3F0711F311D4A00A3EC4A /* Main.storyboard in Resources */,
			);
			runOnlyForDeploymentPostprocessing = 0;
		};
/* End PBXResourcesBuildPhase section */

/* Begin PBXSourcesBuildPhase section */
		75F3F0641F311D4A00A3EC4A /* Sources */ = {
			isa = PBXSourcesBuildPhase;
			buildActionMask = 2147483647;
			files = (
				75F3F0841F31AF2E00A3EC4A /* ComputeShader.swift in Sources */,
				75F3F0821F31AE8D00A3EC4A /* Shaders.metal in Sources */,
				7594D4381F434ECE00E4AE27 /* RenderShader.swift in Sources */,
				7594D43A1F4361F300E4AE27 /* Slab.swift in Sources */,
				75F3F06E1F311D4A00A3EC4A /* ViewController.swift in Sources */,
				75F3F06C1F311D4A00A3EC4A /* AppDelegate.swift in Sources */,
				75F3F0801F311E9F00A3EC4A /* MetalDevice.swift in Sources */,
			);
			runOnlyForDeploymentPostprocessing = 0;
		};
/* End PBXSourcesBuildPhase section */

/* Begin PBXVariantGroup section */
		75F3F06F1F311D4A00A3EC4A /* Main.storyboard */ = {
			isa = PBXVariantGroup;
			children = (
				75F3F0701F311D4A00A3EC4A /* Base */,
			);
			name = Main.storyboard;
			sourceTree = "<group>";
		};
		75F3F0741F311D4A00A3EC4A /* LaunchScreen.storyboard */ = {
			isa = PBXVariantGroup;
			children = (
				75F3F0751F311D4A00A3EC4A /* Base */,
			);
			name = LaunchScreen.storyboard;
			sourceTree = "<group>";
		};
/* End PBXVariantGroup section */

/* Begin XCBuildConfiguration section */
		75F3F0781F311D4A00A3EC4A /* Debug */ = {
			isa = XCBuildConfiguration;
			buildSettings = {
				ALWAYS_SEARCH_USER_PATHS = NO;
				CLANG_ANALYZER_NONNULL = YES;
				CLANG_ANALYZER_NUMBER_OBJECT_CONVERSION = YES_AGGRESSIVE;
				CLANG_CXX_LANGUAGE_STANDARD = "gnu++14";
				CLANG_CXX_LIBRARY = "libc++";
				CLANG_ENABLE_MODULES = YES;
				CLANG_ENABLE_OBJC_ARC = YES;
				CLANG_WARN_BLOCK_CAPTURE_AUTORELEASING = YES;
				CLANG_WARN_BOOL_CONVERSION = YES;
				CLANG_WARN_COMMA = YES;
				CLANG_WARN_CONSTANT_CONVERSION = YES;
				CLANG_WARN_DIRECT_OBJC_ISA_USAGE = YES_ERROR;
				CLANG_WARN_DOCUMENTATION_COMMENTS = YES;
				CLANG_WARN_EMPTY_BODY = YES;
				CLANG_WARN_ENUM_CONVERSION = YES;
				CLANG_WARN_INFINITE_RECURSION = YES;
				CLANG_WARN_INT_CONVERSION = YES;
				CLANG_WARN_OBJC_ROOT_CLASS = YES_ERROR;
				CLANG_WARN_RANGE_LOOP_ANALYSIS = YES;
				CLANG_WARN_STRICT_PROTOTYPES = YES;
				CLANG_WARN_SUSPICIOUS_MOVE = YES;
				CLANG_WARN_UNGUARDED_AVAILABILITY = YES_AGGRESSIVE;
				CLANG_WARN_UNREACHABLE_CODE = YES;
				CLANG_WARN__DUPLICATE_METHOD_MATCH = YES;
				CODE_SIGN_IDENTITY = "iPhone Developer";
				COPY_PHASE_STRIP = NO;
				DEBUG_INFORMATION_FORMAT = dwarf;
				ENABLE_STRICT_OBJC_MSGSEND = YES;
				ENABLE_TESTABILITY = YES;
				GCC_C_LANGUAGE_STANDARD = gnu11;
				GCC_DYNAMIC_NO_PIC = NO;
				GCC_NO_COMMON_BLOCKS = YES;
				GCC_OPTIMIZATION_LEVEL = 0;
				GCC_PREPROCESSOR_DEFINITIONS = (
					"DEBUG=1",
					"$(inherited)",
				);
				GCC_WARN_64_TO_32_BIT_CONVERSION = YES;
				GCC_WARN_ABOUT_RETURN_TYPE = YES_ERROR;
				GCC_WARN_UNDECLARED_SELECTOR = YES;
				GCC_WARN_UNINITIALIZED_AUTOS = YES_AGGRESSIVE;
				GCC_WARN_UNUSED_FUNCTION = YES;
				GCC_WARN_UNUSED_VARIABLE = YES;
				IPHONEOS_DEPLOYMENT_TARGET = 10.3;
				MTL_ENABLE_DEBUG_INFO = YES;
				ONLY_ACTIVE_ARCH = YES;
				SDKROOT = iphoneos;
				SWIFT_ACTIVE_COMPILATION_CONDITIONS = DEBUG;
				SWIFT_OPTIMIZATION_LEVEL = "-Onone";
			};
			name = Debug;
		};
		75F3F0791F311D4A00A3EC4A /* Release */ = {
			isa = XCBuildConfiguration;
			buildSettings = {
				ALWAYS_SEARCH_USER_PATHS = NO;
				CLANG_ANALYZER_NONNULL = YES;
				CLANG_ANALYZER_NUMBER_OBJECT_CONVERSION = YES_AGGRESSIVE;
				CLANG_CXX_LANGUAGE_STANDARD = "gnu++14";
				CLANG_CXX_LIBRARY = "libc++";
				CLANG_ENABLE_MODULES = YES;
				CLANG_ENABLE_OBJC_ARC = YES;
				CLANG_WARN_BLOCK_CAPTURE_AUTORELEASING = YES;
				CLANG_WARN_BOOL_CONVERSION = YES;
				CLANG_WARN_COMMA = YES;
				CLANG_WARN_CONSTANT_CONVERSION = YES;
				CLANG_WARN_DIRECT_OBJC_ISA_USAGE = YES_ERROR;
				CLANG_WARN_DOCUMENTATION_COMMENTS = YES;
				CLANG_WARN_EMPTY_BODY = YES;
				CLANG_WARN_ENUM_CONVERSION = YES;
				CLANG_WARN_INFINITE_RECURSION = YES;
				CLANG_WARN_INT_CONVERSION = YES;
				CLANG_WARN_OBJC_ROOT_CLASS = YES_ERROR;
				CLANG_WARN_RANGE_LOOP_ANALYSIS = YES;
				CLANG_WARN_STRICT_PROTOTYPES = YES;
				CLANG_WARN_SUSPICIOUS_MOVE = YES;
				CLANG_WARN_UNGUARDED_AVAILABILITY = YES_AGGRESSIVE;
				CLANG_WARN_UNREACHABLE_CODE = YES;
				CLANG_WARN__DUPLICATE_METHOD_MATCH = YES;
				CODE_SIGN_IDENTITY = "iPhone Developer";
				COPY_PHASE_STRIP = NO;
				DEBUG_INFORMATION_FORMAT = "dwarf-with-dsym";
				ENABLE_NS_ASSERTIONS = NO;
				ENABLE_STRICT_OBJC_MSGSEND = YES;
				GCC_C_LANGUAGE_STANDARD = gnu11;
				GCC_NO_COMMON_BLOCKS = YES;
				GCC_WARN_64_TO_32_BIT_CONVERSION = YES;
				GCC_WARN_ABOUT_RETURN_TYPE = YES_ERROR;
				GCC_WARN_UNDECLARED_SELECTOR = YES;
				GCC_WARN_UNINITIALIZED_AUTOS = YES_AGGRESSIVE;
				GCC_WARN_UNUSED_FUNCTION = YES;
				GCC_WARN_UNUSED_VARIABLE = YES;
				IPHONEOS_DEPLOYMENT_TARGET = 10.3;
				MTL_ENABLE_DEBUG_INFO = NO;
				SDKROOT = iphoneos;
				SWIFT_OPTIMIZATION_LEVEL = "-Owholemodule";
				VALIDATE_PRODUCT = YES;
			};
			name = Release;
		};
		75F3F07B1F311D4B00A3EC4A /* Debug */ = {
			isa = XCBuildConfiguration;
			buildSettings = {
				ASSETCATALOG_COMPILER_APPICON_NAME = AppIcon;
				DEVELOPMENT_TEAM = SC5NQW88NN;
				INFOPLIST_FILE = FluidDynamicsMetal/Info.plist;
				IPHONEOS_DEPLOYMENT_TARGET = 10.0;
				LD_RUNPATH_SEARCH_PATHS = "$(inherited) @executable_path/Frameworks";
				PRODUCT_BUNDLE_IDENTIFIER = ro.andreisergiupitis.FluidDynamicsMetal;
				PRODUCT_NAME = "$(TARGET_NAME)";
				SWIFT_VERSION = 4.0;
				TARGETED_DEVICE_FAMILY = "1,2";
			};
			name = Debug;
		};
		75F3F07C1F311D4B00A3EC4A /* Release */ = {
			isa = XCBuildConfiguration;
			buildSettings = {
				ASSETCATALOG_COMPILER_APPICON_NAME = AppIcon;
				DEVELOPMENT_TEAM = SC5NQW88NN;
				INFOPLIST_FILE = FluidDynamicsMetal/Info.plist;
				IPHONEOS_DEPLOYMENT_TARGET = 10.0;
				LD_RUNPATH_SEARCH_PATHS = "$(inherited) @executable_path/Frameworks";
				PRODUCT_BUNDLE_IDENTIFIER = ro.andreisergiupitis.FluidDynamicsMetal;
				PRODUCT_NAME = "$(TARGET_NAME)";
				SWIFT_VERSION = 4.0;
				TARGETED_DEVICE_FAMILY = "1,2";
			};
			name = Release;
		};
/* End XCBuildConfiguration section */

/* Begin XCConfigurationList section */
		75F3F0631F311D4A00A3EC4A /* Build configuration list for PBXProject "FluidDynamicsMetal" */ = {
			isa = XCConfigurationList;
			buildConfigurations = (
				75F3F0781F311D4A00A3EC4A /* Debug */,
				75F3F0791F311D4A00A3EC4A /* Release */,
			);
			defaultConfigurationIsVisible = 0;
			defaultConfigurationName = Release;
		};
		75F3F07A1F311D4B00A3EC4A /* Build configuration list for PBXNativeTarget "FluidDynamicsMetal" */ = {
			isa = XCConfigurationList;
			buildConfigurations = (
				75F3F07B1F311D4B00A3EC4A /* Debug */,
				75F3F07C1F311D4B00A3EC4A /* Release */,
			);
			defaultConfigurationIsVisible = 0;
			defaultConfigurationName = Release;
		};
/* End XCConfigurationList section */
	};
	rootObject = 75F3F0601F311D4A00A3EC4A /* Project object */;
}
